// !$*UTF8*$!
{
	archiveVersion = 1;
	classes = {
	};
	objectVersion = 50;
	objects = {

/* Begin PBXBuildFile section */
		4F1070A726E830DC005847D0 /* AppDelegate.swift in Sources */ = {isa = PBXBuildFile; fileRef = 4F1070A626E830DC005847D0 /* AppDelegate.swift */; };
		4F1070A926E830DC005847D0 /* SceneDelegate.swift in Sources */ = {isa = PBXBuildFile; fileRef = 4F1070A826E830DC005847D0 /* SceneDelegate.swift */; };
		4F1070AB26E830DC005847D0 /* ViewController.swift in Sources */ = {isa = PBXBuildFile; fileRef = 4F1070AA26E830DC005847D0 /* ViewController.swift */; };
		4F1070AE26E830DC005847D0 /* Main.storyboard in Resources */ = {isa = PBXBuildFile; fileRef = 4F1070AC26E830DC005847D0 /* Main.storyboard */; };
		4F1070B126E830DC005847D0 /* ProtocolDelegate.xcdatamodeld in Sources */ = {isa = PBXBuildFile; fileRef = 4F1070AF26E830DC005847D0 /* ProtocolDelegate.xcdatamodeld */; };
		4F1070B326E830DF005847D0 /* Assets.xcassets in Resources */ = {isa = PBXBuildFile; fileRef = 4F1070B226E830DF005847D0 /* Assets.xcassets */; };
		4F1070B626E830DF005847D0 /* LaunchScreen.storyboard in Resources */ = {isa = PBXBuildFile; fileRef = 4F1070B426E830DF005847D0 /* LaunchScreen.storyboard */; };
		4F1070C126E830DF005847D0 /* ProtocolDelegateTests.swift in Sources */ = {isa = PBXBuildFile; fileRef = 4F1070C026E830DF005847D0 /* ProtocolDelegateTests.swift */; };
		4F1070CC26E830DF005847D0 /* ProtocolDelegateUITests.swift in Sources */ = {isa = PBXBuildFile; fileRef = 4F1070CB26E830DF005847D0 /* ProtocolDelegateUITests.swift */; };
		4F1070DC26E83C76005847D0 /* FetchViewController.swift in Sources */ = {isa = PBXBuildFile; fileRef = 4F1070DB26E83C76005847D0 /* FetchViewController.swift */; };
/* End PBXBuildFile section */

/* Begin PBXContainerItemProxy section */
		4F1070BD26E830DF005847D0 /* PBXContainerItemProxy */ = {
			isa = PBXContainerItemProxy;
			containerPortal = 4F10709B26E830DC005847D0 /* Project object */;
			proxyType = 1;
			remoteGlobalIDString = 4F1070A226E830DC005847D0;
			remoteInfo = ProtocolDelegate;
		};
		4F1070C826E830DF005847D0 /* PBXContainerItemProxy */ = {
			isa = PBXContainerItemProxy;
			containerPortal = 4F10709B26E830DC005847D0 /* Project object */;
			proxyType = 1;
			remoteGlobalIDString = 4F1070A226E830DC005847D0;
			remoteInfo = ProtocolDelegate;
		};
/* End PBXContainerItemProxy section */

/* Begin PBXFileReference section */
		4F1070A326E830DC005847D0 /* ProtocolDelegate.app */ = {isa = PBXFileReference; explicitFileType = wrapper.application; includeInIndex = 0; path = ProtocolDelegate.app; sourceTree = BUILT_PRODUCTS_DIR; };
		4F1070A626E830DC005847D0 /* AppDelegate.swift */ = {isa = PBXFileReference; lastKnownFileType = sourcecode.swift; path = AppDelegate.swift; sourceTree = "<group>"; };
		4F1070A826E830DC005847D0 /* SceneDelegate.swift */ = {isa = PBXFileReference; lastKnownFileType = sourcecode.swift; path = SceneDelegate.swift; sourceTree = "<group>"; };
		4F1070AA26E830DC005847D0 /* ViewController.swift */ = {isa = PBXFileReference; lastKnownFileType = sourcecode.swift; path = ViewController.swift; sourceTree = "<group>"; };
		4F1070AD26E830DC005847D0 /* Base */ = {isa = PBXFileReference; lastKnownFileType = file.storyboard; name = Base; path = Base.lproj/Main.storyboard; sourceTree = "<group>"; };
		4F1070B026E830DC005847D0 /* ProtocolDelegate.xcdatamodel */ = {isa = PBXFileReference; lastKnownFileType = wrapper.xcdatamodel; path = ProtocolDelegate.xcdatamodel; sourceTree = "<group>"; };
		4F1070B226E830DF005847D0 /* Assets.xcassets */ = {isa = PBXFileReference; lastKnownFileType = folder.assetcatalog; path = Assets.xcassets; sourceTree = "<group>"; };
		4F1070B526E830DF005847D0 /* Base */ = {isa = PBXFileReference; lastKnownFileType = file.storyboard; name = Base; path = Base.lproj/LaunchScreen.storyboard; sourceTree = "<group>"; };
		4F1070B726E830DF005847D0 /* Info.plist */ = {isa = PBXFileReference; lastKnownFileType = text.plist.xml; path = Info.plist; sourceTree = "<group>"; };
		4F1070BC26E830DF005847D0 /* ProtocolDelegateTests.xctest */ = {isa = PBXFileReference; explicitFileType = wrapper.cfbundle; includeInIndex = 0; path = ProtocolDelegateTests.xctest; sourceTree = BUILT_PRODUCTS_DIR; };
		4F1070C026E830DF005847D0 /* ProtocolDelegateTests.swift */ = {isa = PBXFileReference; lastKnownFileType = sourcecode.swift; path = ProtocolDelegateTests.swift; sourceTree = "<group>"; };
		4F1070C226E830DF005847D0 /* Info.plist */ = {isa = PBXFileReference; lastKnownFileType = text.plist.xml; path = Info.plist; sourceTree = "<group>"; };
		4F1070C726E830DF005847D0 /* ProtocolDelegateUITests.xctest */ = {isa = PBXFileReference; explicitFileType = wrapper.cfbundle; includeInIndex = 0; path = ProtocolDelegateUITests.xctest; sourceTree = BUILT_PRODUCTS_DIR; };
		4F1070CB26E830DF005847D0 /* ProtocolDelegateUITests.swift */ = {isa = PBXFileReference; lastKnownFileType = sourcecode.swift; path = ProtocolDelegateUITests.swift; sourceTree = "<group>"; };
		4F1070CD26E830DF005847D0 /* Info.plist */ = {isa = PBXFileReference; lastKnownFileType = text.plist.xml; path = Info.plist; sourceTree = "<group>"; };
		4F1070DB26E83C76005847D0 /* FetchViewController.swift */ = {isa = PBXFileReference; lastKnownFileType = sourcecode.swift; path = FetchViewController.swift; sourceTree = "<group>"; };
/* End PBXFileReference section */

/* Begin PBXFrameworksBuildPhase section */
		4F1070A026E830DC005847D0 /* Frameworks */ = {
			isa = PBXFrameworksBuildPhase;
			buildActionMask = 2147483647;
			files = (
			);
			runOnlyForDeploymentPostprocessing = 0;
		};
		4F1070B926E830DF005847D0 /* Frameworks */ = {
			isa = PBXFrameworksBuildPhase;
			buildActionMask = 2147483647;
			files = (
			);
			runOnlyForDeploymentPostprocessing = 0;
		};
		4F1070C426E830DF005847D0 /* Frameworks */ = {
			isa = PBXFrameworksBuildPhase;
			buildActionMask = 2147483647;
			files = (
			);
			runOnlyForDeploymentPostprocessing = 0;
		};
/* End PBXFrameworksBuildPhase section */

/* Begin PBXGroup section */
		4F10709A26E830DC005847D0 = {
			isa = PBXGroup;
			children = (
				4F1070A526E830DC005847D0 /* ProtocolDelegate */,
				4F1070BF26E830DF005847D0 /* ProtocolDelegateTests */,
				4F1070CA26E830DF005847D0 /* ProtocolDelegateUITests */,
				4F1070A426E830DC005847D0 /* Products */,
			);
			sourceTree = "<group>";
		};
		4F1070A426E830DC005847D0 /* Products */ = {
			isa = PBXGroup;
			children = (
				4F1070A326E830DC005847D0 /* ProtocolDelegate.app */,
				4F1070BC26E830DF005847D0 /* ProtocolDelegateTests.xctest */,
				4F1070C726E830DF005847D0 /* ProtocolDelegateUITests.xctest */,
			);
			name = Products;
			sourceTree = "<group>";
		};
		4F1070A526E830DC005847D0 /* ProtocolDelegate */ = {
			isa = PBXGroup;
			children = (
				4F1070A626E830DC005847D0 /* AppDelegate.swift */,
				4F1070A826E830DC005847D0 /* SceneDelegate.swift */,
				4F1070AA26E830DC005847D0 /* ViewController.swift */,
				4F1070AC26E830DC005847D0 /* Main.storyboard */,
				4F1070B226E830DF005847D0 /* Assets.xcassets */,
				4F1070B426E830DF005847D0 /* LaunchScreen.storyboard */,
				4F1070B726E830DF005847D0 /* Info.plist */,
				4F1070AF26E830DC005847D0 /* ProtocolDelegate.xcdatamodeld */,
				4F1070DB26E83C76005847D0 /* FetchViewController.swift */,
			);
			path = ProtocolDelegate;
			sourceTree = "<group>";
		};
		4F1070BF26E830DF005847D0 /* ProtocolDelegateTests */ = {
			isa = PBXGroup;
			children = (
				4F1070C026E830DF005847D0 /* ProtocolDelegateTests.swift */,
				4F1070C226E830DF005847D0 /* Info.plist */,
			);
			path = ProtocolDelegateTests;
			sourceTree = "<group>";
		};
		4F1070CA26E830DF005847D0 /* ProtocolDelegateUITests */ = {
			isa = PBXGroup;
			children = (
				4F1070CB26E830DF005847D0 /* ProtocolDelegateUITests.swift */,
				4F1070CD26E830DF005847D0 /* Info.plist */,
			);
			path = ProtocolDelegateUITests;
			sourceTree = "<group>";
		};
/* End PBXGroup section */

/* Begin PBXNativeTarget section */
		4F1070A226E830DC005847D0 /* ProtocolDelegate */ = {
			isa = PBXNativeTarget;
			buildConfigurationList = 4F1070D026E830DF005847D0 /* Build configuration list for PBXNativeTarget "ProtocolDelegate" */;
			buildPhases = (
				4F10709F26E830DC005847D0 /* Sources */,
				4F1070A026E830DC005847D0 /* Frameworks */,
				4F1070A126E830DC005847D0 /* Resources */,
			);
			buildRules = (
			);
			dependencies = (
			);
			name = ProtocolDelegate;
			productName = ProtocolDelegate;
			productReference = 4F1070A326E830DC005847D0 /* ProtocolDelegate.app */;
			productType = "com.apple.product-type.application";
		};
		4F1070BB26E830DF005847D0 /* ProtocolDelegateTests */ = {
			isa = PBXNativeTarget;
			buildConfigurationList = 4F1070D326E830DF005847D0 /* Build configuration list for PBXNativeTarget "ProtocolDelegateTests" */;
			buildPhases = (
				4F1070B826E830DF005847D0 /* Sources */,
				4F1070B926E830DF005847D0 /* Frameworks */,
				4F1070BA26E830DF005847D0 /* Resources */,
			);
			buildRules = (
			);
			dependencies = (
				4F1070BE26E830DF005847D0 /* PBXTargetDependency */,
			);
			name = ProtocolDelegateTests;
			productName = ProtocolDelegateTests;
			productReference = 4F1070BC26E830DF005847D0 /* ProtocolDelegateTests.xctest */;
			productType = "com.apple.product-type.bundle.unit-test";
		};
		4F1070C626E830DF005847D0 /* ProtocolDelegateUITests */ = {
			isa = PBXNativeTarget;
			buildConfigurationList = 4F1070D626E830DF005847D0 /* Build configuration list for PBXNativeTarget "ProtocolDelegateUITests" */;
			buildPhases = (
				4F1070C326E830DF005847D0 /* Sources */,
				4F1070C426E830DF005847D0 /* Frameworks */,
				4F1070C526E830DF005847D0 /* Resources */,
			);
			buildRules = (
			);
			dependencies = (
				4F1070C926E830DF005847D0 /* PBXTargetDependency */,
			);
			name = ProtocolDelegateUITests;
			productName = ProtocolDelegateUITests;
			productReference = 4F1070C726E830DF005847D0 /* ProtocolDelegateUITests.xctest */;
			productType = "com.apple.product-type.bundle.ui-testing";
		};
/* End PBXNativeTarget section */

/* Begin PBXProject section */
		4F10709B26E830DC005847D0 /* Project object */ = {
			isa = PBXProject;
			attributes = {
				LastSwiftUpdateCheck = 1250;
				LastUpgradeCheck = 1250;
				TargetAttributes = {
					4F1070A226E830DC005847D0 = {
						CreatedOnToolsVersion = 12.5.1;
					};
					4F1070BB26E830DF005847D0 = {
						CreatedOnToolsVersion = 12.5.1;
						TestTargetID = 4F1070A226E830DC005847D0;
					};
					4F1070C626E830DF005847D0 = {
						CreatedOnToolsVersion = 12.5.1;
						TestTargetID = 4F1070A226E830DC005847D0;
					};
				};
			};
			buildConfigurationList = 4F10709E26E830DC005847D0 /* Build configuration list for PBXProject "ProtocolDelegate" */;
			compatibilityVersion = "Xcode 9.3";
			developmentRegion = en;
			hasScannedForEncodings = 0;
			knownRegions = (
				en,
				Base,
			);
			mainGroup = 4F10709A26E830DC005847D0;
			productRefGroup = 4F1070A426E830DC005847D0 /* Products */;
			projectDirPath = "";
			projectRoot = "";
			targets = (
				4F1070A226E830DC005847D0 /* ProtocolDelegate */,
				4F1070BB26E830DF005847D0 /* ProtocolDelegateTests */,
				4F1070C626E830DF005847D0 /* ProtocolDelegateUITests */,
			);
		};
/* End PBXProject section */

/* Begin PBXResourcesBuildPhase section */
		4F1070A126E830DC005847D0 /* Resources */ = {
			isa = PBXResourcesBuildPhase;
			buildActionMask = 2147483647;
			files = (
				4F1070B626E830DF005847D0 /* LaunchScreen.storyboard in Resources */,
				4F1070B326E830DF005847D0 /* Assets.xcassets in Resources */,
				4F1070AE26E830DC005847D0 /* Main.storyboard in Resources */,
			);
			runOnlyForDeploymentPostprocessing = 0;
		};
		4F1070BA26E830DF005847D0 /* Resources */ = {
			isa = PBXResourcesBuildPhase;
			buildActionMask = 2147483647;
			files = (
			);
			runOnlyForDeploymentPostprocessing = 0;
		};
		4F1070C526E830DF005847D0 /* Resources */ = {
			isa = PBXResourcesBuildPhase;
			buildActionMask = 2147483647;
			files = (
			);
			runOnlyForDeploymentPostprocessing = 0;
		};
/* End PBXResourcesBuildPhase section */

/* Begin PBXSourcesBuildPhase section */
		4F10709F26E830DC005847D0 /* Sources */ = {
			isa = PBXSourcesBuildPhase;
			buildActionMask = 2147483647;
			files = (
				4F1070AB26E830DC005847D0 /* ViewController.swift in Sources */,
				4F1070DC26E83C76005847D0 /* FetchViewController.swift in Sources */,
				4F1070A726E830DC005847D0 /* AppDelegate.swift in Sources */,
				4F1070B126E830DC005847D0 /* ProtocolDelegate.xcdatamodeld in Sources */,
				4F1070A926E830DC005847D0 /* SceneDelegate.swift in Sources */,
			);
			runOnlyForDeploymentPostprocessing = 0;
		};
		4F1070B826E830DF005847D0 /* Sources */ = {
			isa = PBXSourcesBuildPhase;
			buildActionMask = 2147483647;
			files = (
				4F1070C126E830DF005847D0 /* ProtocolDelegateTests.swift in Sources */,
			);
			runOnlyForDeploymentPostprocessing = 0;
		};
		4F1070C326E830DF005847D0 /* Sources */ = {
			isa = PBXSourcesBuildPhase;
			buildActionMask = 2147483647;
			files = (
				4F1070CC26E830DF005847D0 /* ProtocolDelegateUITests.swift in Sources */,
			);
			runOnlyForDeploymentPostprocessing = 0;
		};
/* End PBXSourcesBuildPhase section */

/* Begin PBXTargetDependency section */
		4F1070BE26E830DF005847D0 /* PBXTargetDependency */ = {
			isa = PBXTargetDependency;
			target = 4F1070A226E830DC005847D0 /* ProtocolDelegate */;
			targetProxy = 4F1070BD26E830DF005847D0 /* PBXContainerItemProxy */;
		};
		4F1070C926E830DF005847D0 /* PBXTargetDependency */ = {
			isa = PBXTargetDependency;
			target = 4F1070A226E830DC005847D0 /* ProtocolDelegate */;
			targetProxy = 4F1070C826E830DF005847D0 /* PBXContainerItemProxy */;
		};
/* End PBXTargetDependency section */

/* Begin PBXVariantGroup section */
		4F1070AC26E830DC005847D0 /* Main.storyboard */ = {
			isa = PBXVariantGroup;
			children = (
				4F1070AD26E830DC005847D0 /* Base */,
			);
			name = Main.storyboard;
			sourceTree = "<group>";
		};
		4F1070B426E830DF005847D0 /* LaunchScreen.storyboard */ = {
			isa = PBXVariantGroup;
			children = (
				4F1070B526E830DF005847D0 /* Base */,
			);
			name = LaunchScreen.storyboard;
			sourceTree = "<group>";
		};
/* End PBXVariantGroup section */

/* Begin XCBuildConfiguration section */
		4F1070CE26E830DF005847D0 /* Debug */ = {
			isa = XCBuildConfiguration;
			buildSettings = {
				ALWAYS_SEARCH_USER_PATHS = NO;
				CLANG_ANALYZER_NONNULL = YES;
				CLANG_ANALYZER_NUMBER_OBJECT_CONVERSION = YES_AGGRESSIVE;
				CLANG_CXX_LANGUAGE_STANDARD = "gnu++14";
				CLANG_CXX_LIBRARY = "libc++";
				CLANG_ENABLE_MODULES = YES;
				CLANG_ENABLE_OBJC_ARC = YES;
				CLANG_ENABLE_OBJC_WEAK = YES;
				CLANG_WARN_BLOCK_CAPTURE_AUTORELEASING = YES;
				CLANG_WARN_BOOL_CONVERSION = YES;
				CLANG_WARN_COMMA = YES;
				CLANG_WARN_CONSTANT_CONVERSION = YES;
				CLANG_WARN_DEPRECATED_OBJC_IMPLEMENTATIONS = YES;
				CLANG_WARN_DIRECT_OBJC_ISA_USAGE = YES_ERROR;
				CLANG_WARN_DOCUMENTATION_COMMENTS = YES;
				CLANG_WARN_EMPTY_BODY = YES;
				CLANG_WARN_ENUM_CONVERSION = YES;
				CLANG_WARN_INFINITE_RECURSION = YES;
				CLANG_WARN_INT_CONVERSION = YES;
				CLANG_WARN_NON_LITERAL_NULL_CONVERSION = YES;
				CLANG_WARN_OBJC_IMPLICIT_RETAIN_SELF = YES;
				CLANG_WARN_OBJC_LITERAL_CONVERSION = YES;
				CLANG_WARN_OBJC_ROOT_CLASS = YES_ERROR;
				CLANG_WARN_QUOTED_INCLUDE_IN_FRAMEWORK_HEADER = YES;
				CLANG_WARN_RANGE_LOOP_ANALYSIS = YES;
				CLANG_WARN_STRICT_PROTOTYPES = YES;
				CLANG_WARN_SUSPICIOUS_MOVE = YES;
				CLANG_WARN_UNGUARDED_AVAILABILITY = YES_AGGRESSIVE;
				CLANG_WARN_UNREACHABLE_CODE = YES;
				CLANG_WARN__DUPLICATE_METHOD_MATCH = YES;
				COPY_PHASE_STRIP = NO;
				DEBUG_INFORMATION_FORMAT = dwarf;
				ENABLE_STRICT_OBJC_MSGSEND = YES;
				ENABLE_TESTABILITY = YES;
				GCC_C_LANGUAGE_STANDARD = gnu11;
				GCC_DYNAMIC_NO_PIC = NO;
				GCC_NO_COMMON_BLOCKS = YES;
				GCC_OPTIMIZATION_LEVEL = 0;
				GCC_PREPROCESSOR_DEFINITIONS = (
					"DEBUG=1",
					"$(inherited)",
				);
				GCC_WARN_64_TO_32_BIT_CONVERSION = YES;
				GCC_WARN_ABOUT_RETURN_TYPE = YES_ERROR;
				GCC_WARN_UNDECLARED_SELECTOR = YES;
				GCC_WARN_UNINITIALIZED_AUTOS = YES_AGGRESSIVE;
				GCC_WARN_UNUSED_FUNCTION = YES;
				GCC_WARN_UNUSED_VARIABLE = YES;
				IPHONEOS_DEPLOYMENT_TARGET = 14.5;
				MTL_ENABLE_DEBUG_INFO = INCLUDE_SOURCE;
				MTL_FAST_MATH = YES;
				ONLY_ACTIVE_ARCH = YES;
				SDKROOT = iphoneos;
				SWIFT_ACTIVE_COMPILATION_CONDITIONS = DEBUG;
				SWIFT_OPTIMIZATION_LEVEL = "-Onone";
			};
			name = Debug;
		};
		4F1070CF26E830DF005847D0 /* Release */ = {
			isa = XCBuildConfiguration;
			buildSettings = {
				ALWAYS_SEARCH_USER_PATHS = NO;
				CLANG_ANALYZER_NONNULL = YES;
				CLANG_ANALYZER_NUMBER_OBJECT_CONVERSION = YES_AGGRESSIVE;
				CLANG_CXX_LANGUAGE_STANDARD = "gnu++14";
				CLANG_CXX_LIBRARY = "libc++";
				CLANG_ENABLE_MODULES = YES;
				CLANG_ENABLE_OBJC_ARC = YES;
				CLANG_ENABLE_OBJC_WEAK = YES;
				CLANG_WARN_BLOCK_CAPTURE_AUTORELEASING = YES;
				CLANG_WARN_BOOL_CONVERSION = YES;
				CLANG_WARN_COMMA = YES;
				CLANG_WARN_CONSTANT_CONVERSION = YES;
				CLANG_WARN_DEPRECATED_OBJC_IMPLEMENTATIONS = YES;
				CLANG_WARN_DIRECT_OBJC_ISA_USAGE = YES_ERROR;
				CLANG_WARN_DOCUMENTATION_COMMENTS = YES;
				CLANG_WARN_EMPTY_BODY = YES;
				CLANG_WARN_ENUM_CONVERSION = YES;
				CLANG_WARN_INFINITE_RECURSION = YES;
				CLANG_WARN_INT_CONVERSION = YES;
				CLANG_WARN_NON_LITERAL_NULL_CONVERSION = YES;
				CLANG_WARN_OBJC_IMPLICIT_RETAIN_SELF = YES;
				CLANG_WARN_OBJC_LITERAL_CONVERSION = YES;
				CLANG_WARN_OBJC_ROOT_CLASS = YES_ERROR;
				CLANG_WARN_QUOTED_INCLUDE_IN_FRAMEWORK_HEADER = YES;
				CLANG_WARN_RANGE_LOOP_ANALYSIS = YES;
				CLANG_WARN_STRICT_PROTOTYPES = YES;
				CLANG_WARN_SUSPICIOUS_MOVE = YES;
				CLANG_WARN_UNGUARDED_AVAILABILITY = YES_AGGRESSIVE;
				CLANG_WARN_UNREACHABLE_CODE = YES;
				CLANG_WARN__DUPLICATE_METHOD_MATCH = YES;
				COPY_PHASE_STRIP = NO;
				DEBUG_INFORMATION_FORMAT = "dwarf-with-dsym";
				ENABLE_NS_ASSERTIONS = NO;
				ENABLE_STRICT_OBJC_MSGSEND = YES;
				GCC_C_LANGUAGE_STANDARD = gnu11;
				GCC_NO_COMMON_BLOCKS = YES;
				GCC_WARN_64_TO_32_BIT_CONVERSION = YES;
				GCC_WARN_ABOUT_RETURN_TYPE = YES_ERROR;
				GCC_WARN_UNDECLARED_SELECTOR = YES;
				GCC_WARN_UNINITIALIZED_AUTOS = YES_AGGRESSIVE;
				GCC_WARN_UNUSED_FUNCTION = YES;
				GCC_WARN_UNUSED_VARIABLE = YES;
				IPHONEOS_DEPLOYMENT_TARGET = 14.5;
				MTL_ENABLE_DEBUG_INFO = NO;
				MTL_FAST_MATH = YES;
				SDKROOT = iphoneos;
				SWIFT_COMPILATION_MODE = wholemodule;
				SWIFT_OPTIMIZATION_LEVEL = "-O";
				VALIDATE_PRODUCT = YES;
			};
			name = Release;
		};
		4F1070D126E830DF005847D0 /* Debug */ = {
			isa = XCBuildConfiguration;
			buildSettings = {
				ASSETCATALOG_COMPILER_APPICON_NAME = AppIcon;
				ASSETCATALOG_COMPILER_GLOBAL_ACCENT_COLOR_NAME = AccentColor;
				CODE_SIGN_STYLE = Automatic;
				DEVELOPMENT_TEAM = PHFDP4SB5Y;
				INFOPLIST_FILE = ProtocolDelegate/Info.plist;
				LD_RUNPATH_SEARCH_PATHS = (
					"$(inherited)",
					"@executable_path/Frameworks",
				);
				PRODUCT_BUNDLE_IDENTIFIER = joshportfolio.ProtocolDelegate;
				PRODUCT_NAME = "$(TARGET_NAME)";
				SWIFT_VERSION = 5.0;
				TARGETED_DEVICE_FAMILY = "1,2";
			};
			name = Debug;
		};
		4F1070D226E830DF005847D0 /* Release */ = {
			isa = XCBuildConfiguration;
			buildSettings = {
				ASSETCATALOG_COMPILER_APPICON_NAME = AppIcon;
				ASSETCATALOG_COMPILER_GLOBAL_ACCENT_COLOR_NAME = AccentColor;
				CODE_SIGN_STYLE = Automatic;
				DEVELOPMENT_TEAM = PHFDP4SB5Y;
				INFOPLIST_FILE = ProtocolDelegate/Info.plist;
				LD_RUNPATH_SEARCH_PATHS = (
					"$(inherited)",
					"@executable_path/Frameworks",
				);
				PRODUCT_BUNDLE_IDENTIFIER = joshportfolio.ProtocolDelegate;
				PRODUCT_NAME = "$(TARGET_NAME)";
				SWIFT_VERSION = 5.0;
				TARGETED_DEVICE_FAMILY = "1,2";
			};
			name = Release;
		};
		4F1070D426E830DF005847D0 /* Debug */ = {
			isa = XCBuildConfiguration;
			buildSettings = {
				ALWAYS_EMBED_SWIFT_STANDARD_LIBRARIES = YES;
				BUNDLE_LOADER = "$(TEST_HOST)";
				CODE_SIGN_STYLE = Automatic;
				DEVELOPMENT_TEAM = PHFDP4SB5Y;
				INFOPLIST_FILE = ProtocolDelegateTests/Info.plist;
				IPHONEOS_DEPLOYMENT_TARGET = 14.5;
				LD_RUNPATH_SEARCH_PATHS = (
					"$(inherited)",
					"@executable_path/Frameworks",
					"@loader_path/Frameworks",
				);
				PRODUCT_BUNDLE_IDENTIFIER = joshportfolio.ProtocolDelegateTests;
				PRODUCT_NAME = "$(TARGET_NAME)";
				SWIFT_VERSION = 5.0;
				TARGETED_DEVICE_FAMILY = "1,2";
				TEST_HOST = "$(BUILT_PRODUCTS_DIR)/ProtocolDelegate.app/ProtocolDelegate";
			};
			name = Debug;
		};
		4F1070D526E830DF005847D0 /* Release */ = {
			isa = XCBuildConfiguration;
			buildSettings = {
				ALWAYS_EMBED_SWIFT_STANDARD_LIBRARIES = YES;
				BUNDLE_LOADER = "$(TEST_HOST)";
				CODE_SIGN_STYLE = Automatic;
				DEVELOPMENT_TEAM = PHFDP4SB5Y;
				INFOPLIST_FILE = ProtocolDelegateTests/Info.plist;
				IPHONEOS_DEPLOYMENT_TARGET = 14.5;
				LD_RUNPATH_SEARCH_PATHS = (
					"$(inherited)",
					"@executable_path/Frameworks",
					"@loader_path/Frameworks",
				);
				PRODUCT_BUNDLE_IDENTIFIER = joshportfolio.ProtocolDelegateTests;
				PRODUCT_NAME = "$(TARGET_NAME)";
				SWIFT_VERSION = 5.0;
				TARGETED_DEVICE_FAMILY = "1,2";
				TEST_HOST = "$(BUILT_PRODUCTS_DIR)/ProtocolDelegate.app/ProtocolDelegate";
			};
			name = Release;
		};
		4F1070D726E830DF005847D0 /* Debug */ = {
			isa = XCBuildConfiguration;
			buildSettings = {
				ALWAYS_EMBED_SWIFT_STANDARD_LIBRARIES = YES;
				CODE_SIGN_STYLE = Automatic;
				DEVELOPMENT_TEAM = PHFDP4SB5Y;
				INFOPLIST_FILE = ProtocolDelegateUITests/Info.plist;
				LD_RUNPATH_SEARCH_PATHS = (
					"$(inherited)",
					"@executable_path/Frameworks",
					"@loader_path/Frameworks",
				);
				PRODUCT_BUNDLE_IDENTIFIER = joshportfolio.ProtocolDelegateUITests;
				PRODUCT_NAME = "$(TARGET_NAME)";
				SWIFT_VERSION = 5.0;
				TARGETED_DEVICE_FAMILY = "1,2";
				TEST_TARGET_NAME = ProtocolDelegate;
			};
			name = Debug;
		};
		4F1070D826E830DF005847D0 /* Release */ = {
			isa = XCBuildConfiguration;
			buildSettings = {
				ALWAYS_EMBED_SWIFT_STANDARD_LIBRARIES = YES;
				CODE_SIGN_STYLE = Automatic;
				DEVELOPMENT_TEAM = PHFDP4SB5Y;
				INFOPLIST_FILE = ProtocolDelegateUITests/Info.plist;
				LD_RUNPATH_SEARCH_PATHS = (
					"$(inherited)",
					"@executable_path/Frameworks",
					"@loader_path/Frameworks",
				);
				PRODUCT_BUNDLE_IDENTIFIER = joshportfolio.ProtocolDelegateUITests;
				PRODUCT_NAME = "$(TARGET_NAME)";
				SWIFT_VERSION = 5.0;
				TARGETED_DEVICE_FAMILY = "1,2";
				TEST_TARGET_NAME = ProtocolDelegate;
			};
			name = Release;
		};
/* End XCBuildConfiguration section */

/* Begin XCConfigurationList section */
		4F10709E26E830DC005847D0 /* Build configuration list for PBXProject "ProtocolDelegate" */ = {
			isa = XCConfigurationList;
			buildConfigurations = (
				4F1070CE26E830DF005847D0 /* Debug */,
				4F1070CF26E830DF005847D0 /* Release */,
			);
			defaultConfigurationIsVisible = 0;
			defaultConfigurationName = Release;
		};
		4F1070D026E830DF005847D0 /* Build configuration list for PBXNativeTarget "ProtocolDelegate" */ = {
			isa = XCConfigurationList;
			buildConfigurations = (
				4F1070D126E830DF005847D0 /* Debug */,
				4F1070D226E830DF005847D0 /* Release */,
			);
			defaultConfigurationIsVisible = 0;
			defaultConfigurationName = Release;
		};
		4F1070D326E830DF005847D0 /* Build configuration list for PBXNativeTarget "ProtocolDelegateTests" */ = {
			isa = XCConfigurationList;
			buildConfigurations = (
				4F1070D426E830DF005847D0 /* Debug */,
				4F1070D526E830DF005847D0 /* Release */,
			);
			defaultConfigurationIsVisible = 0;
			defaultConfigurationName = Release;
		};
		4F1070D626E830DF005847D0 /* Build configuration list for PBXNativeTarget "ProtocolDelegateUITests" */ = {
			isa = XCConfigurationList;
			buildConfigurations = (
				4F1070D726E830DF005847D0 /* Debug */,
				4F1070D826E830DF005847D0 /* Release */,
			);
			defaultConfigurationIsVisible = 0;
			defaultConfigurationName = Release;
		};
/* End XCConfigurationList section */

/* Begin XCVersionGroup section */
		4F1070AF26E830DC005847D0 /* ProtocolDelegate.xcdatamodeld */ = {
			isa = XCVersionGroup;
			children = (
				4F1070B026E830DC005847D0 /* ProtocolDelegate.xcdatamodel */,
			);
			currentVersion = 4F1070B026E830DC005847D0 /* ProtocolDelegate.xcdatamodel */;
			path = ProtocolDelegate.xcdatamodeld;
			sourceTree = "<group>";
			versionGroupType = wrapper.xcdatamodel;
		};
/* End XCVersionGroup section */
	};
	rootObject = 4F10709B26E830DC005847D0 /* Project object */;
}
