// !$*UTF8*$!
{
	archiveVersion = 1;
	classes = {
	};
	objectVersion = 50;
	objects = {

/* Begin PBXBuildFile section */
		4F67CA0B26E42D34005422BA /* AppDelegate.swift in Sources */ = {isa = PBXBuildFile; fileRef = 4F67CA0A26E42D34005422BA /* AppDelegate.swift */; };
		4F67CA0D26E42D34005422BA /* SceneDelegate.swift in Sources */ = {isa = PBXBuildFile; fileRef = 4F67CA0C26E42D34005422BA /* SceneDelegate.swift */; };
		4F67CA0F26E42D34005422BA /* WeatherViewController.swift in Sources */ = {isa = PBXBuildFile; fileRef = 4F67CA0E26E42D34005422BA /* WeatherViewController.swift */; };
		4F67CA1526E42D34005422BA /* Weather.xcdatamodeld in Sources */ = {isa = PBXBuildFile; fileRef = 4F67CA1326E42D34005422BA /* Weather.xcdatamodeld */; };
		4F67CA1726E42D37005422BA /* Assets.xcassets in Resources */ = {isa = PBXBuildFile; fileRef = 4F67CA1626E42D37005422BA /* Assets.xcassets */; };
		4F67CA1A26E42D38005422BA /* LaunchScreen.storyboard in Resources */ = {isa = PBXBuildFile; fileRef = 4F67CA1826E42D38005422BA /* LaunchScreen.storyboard */; };
		4F67CA2526E42D38005422BA /* WeatherTests.swift in Sources */ = {isa = PBXBuildFile; fileRef = 4F67CA2426E42D38005422BA /* WeatherTests.swift */; };
		4F67CA3026E42D38005422BA /* WeatherUITests.swift in Sources */ = {isa = PBXBuildFile; fileRef = 4F67CA2F26E42D38005422BA /* WeatherUITests.swift */; };
		4FD6040526E6F8EE00388549 /* WeatherService.swift in Sources */ = {isa = PBXBuildFile; fileRef = 4FD6040426E6F8EE00388549 /* WeatherService.swift */; };
		4FD6040726E6F91C00388549 /* WeatherModel.swift in Sources */ = {isa = PBXBuildFile; fileRef = 4FD6040626E6F91C00388549 /* WeatherModel.swift */; };
		82A8EF365BCF5FEAEEA8E453 /* OpenWeatherData.swift in Sources */ = {isa = PBXBuildFile; fileRef = 82A8EFE0B8A9405E209E09B4 /* OpenWeatherData.swift */; };
/* End PBXBuildFile section */

/* Begin PBXContainerItemProxy section */
		4F67CA2126E42D38005422BA /* PBXContainerItemProxy */ = {
			isa = PBXContainerItemProxy;
			containerPortal = 4F67C9FF26E42D34005422BA /* Project object */;
			proxyType = 1;
			remoteGlobalIDString = 4F67CA0626E42D34005422BA;
			remoteInfo = Weather;
		};
		4F67CA2C26E42D38005422BA /* PBXContainerItemProxy */ = {
			isa = PBXContainerItemProxy;
			containerPortal = 4F67C9FF26E42D34005422BA /* Project object */;
			proxyType = 1;
			remoteGlobalIDString = 4F67CA0626E42D34005422BA;
			remoteInfo = Weather;
		};
/* End PBXContainerItemProxy section */

/* Begin PBXFileReference section */
		4F67CA0726E42D34005422BA /* Weather.app */ = {isa = PBXFileReference; explicitFileType = wrapper.application; includeInIndex = 0; path = Weather.app; sourceTree = BUILT_PRODUCTS_DIR; };
		4F67CA0A26E42D34005422BA /* AppDelegate.swift */ = {isa = PBXFileReference; lastKnownFileType = sourcecode.swift; path = AppDelegate.swift; sourceTree = "<group>"; };
		4F67CA0C26E42D34005422BA /* SceneDelegate.swift */ = {isa = PBXFileReference; lastKnownFileType = sourcecode.swift; path = SceneDelegate.swift; sourceTree = "<group>"; };
		4F67CA0E26E42D34005422BA /* WeatherViewController.swift */ = {isa = PBXFileReference; lastKnownFileType = sourcecode.swift; path = WeatherViewController.swift; sourceTree = "<group>"; };
		4F67CA1426E42D34005422BA /* Weather.xcdatamodel */ = {isa = PBXFileReference; lastKnownFileType = wrapper.xcdatamodel; path = Weather.xcdatamodel; sourceTree = "<group>"; };
		4F67CA1626E42D37005422BA /* Assets.xcassets */ = {isa = PBXFileReference; lastKnownFileType = folder.assetcatalog; path = Assets.xcassets; sourceTree = "<group>"; };
		4F67CA1926E42D38005422BA /* Base */ = {isa = PBXFileReference; lastKnownFileType = file.storyboard; name = Base; path = Base.lproj/LaunchScreen.storyboard; sourceTree = "<group>"; };
		4F67CA1B26E42D38005422BA /* Info.plist */ = {isa = PBXFileReference; lastKnownFileType = text.plist.xml; path = Info.plist; sourceTree = "<group>"; };
		4F67CA2026E42D38005422BA /* WeatherTests.xctest */ = {isa = PBXFileReference; explicitFileType = wrapper.cfbundle; includeInIndex = 0; path = WeatherTests.xctest; sourceTree = BUILT_PRODUCTS_DIR; };
		4F67CA2426E42D38005422BA /* WeatherTests.swift */ = {isa = PBXFileReference; lastKnownFileType = sourcecode.swift; path = WeatherTests.swift; sourceTree = "<group>"; };
		4F67CA2626E42D38005422BA /* Info.plist */ = {isa = PBXFileReference; lastKnownFileType = text.plist.xml; path = Info.plist; sourceTree = "<group>"; };
		4F67CA2B26E42D38005422BA /* WeatherUITests.xctest */ = {isa = PBXFileReference; explicitFileType = wrapper.cfbundle; includeInIndex = 0; path = WeatherUITests.xctest; sourceTree = BUILT_PRODUCTS_DIR; };
		4F67CA2F26E42D38005422BA /* WeatherUITests.swift */ = {isa = PBXFileReference; lastKnownFileType = sourcecode.swift; path = WeatherUITests.swift; sourceTree = "<group>"; };
		4F67CA3126E42D38005422BA /* Info.plist */ = {isa = PBXFileReference; lastKnownFileType = text.plist.xml; path = Info.plist; sourceTree = "<group>"; };
		4FD6040426E6F8EE00388549 /* WeatherService.swift */ = {isa = PBXFileReference; lastKnownFileType = sourcecode.swift; path = WeatherService.swift; sourceTree = "<group>"; };
		4FD6040626E6F91C00388549 /* WeatherModel.swift */ = {isa = PBXFileReference; lastKnownFileType = sourcecode.swift; path = WeatherModel.swift; sourceTree = "<group>"; };
		82A8EFE0B8A9405E209E09B4 /* OpenWeatherData.swift */ = {isa = PBXFileReference; fileEncoding = 4; lastKnownFileType = sourcecode.swift; path = OpenWeatherData.swift; sourceTree = "<group>"; };
/* End PBXFileReference section */

/* Begin PBXFrameworksBuildPhase section */
		4F67CA0426E42D34005422BA /* Frameworks */ = {
			isa = PBXFrameworksBuildPhase;
			buildActionMask = 2147483647;
			files = (
			);
			runOnlyForDeploymentPostprocessing = 0;
		};
		4F67CA1D26E42D38005422BA /* Frameworks */ = {
			isa = PBXFrameworksBuildPhase;
			buildActionMask = 2147483647;
			files = (
			);
			runOnlyForDeploymentPostprocessing = 0;
		};
		4F67CA2826E42D38005422BA /* Frameworks */ = {
			isa = PBXFrameworksBuildPhase;
			buildActionMask = 2147483647;
			files = (
			);
			runOnlyForDeploymentPostprocessing = 0;
		};
/* End PBXFrameworksBuildPhase section */

/* Begin PBXGroup section */
		4F67C9FE26E42D34005422BA = {
			isa = PBXGroup;
			children = (
				4F67CA0926E42D34005422BA /* Weather */,
				4F67CA2326E42D38005422BA /* WeatherTests */,
				4F67CA2E26E42D38005422BA /* WeatherUITests */,
				4F67CA0826E42D34005422BA /* Products */,
			);
			sourceTree = "<group>";
		};
		4F67CA0826E42D34005422BA /* Products */ = {
			isa = PBXGroup;
			children = (
				4F67CA0726E42D34005422BA /* Weather.app */,
				4F67CA2026E42D38005422BA /* WeatherTests.xctest */,
				4F67CA2B26E42D38005422BA /* WeatherUITests.xctest */,
			);
			name = Products;
			sourceTree = "<group>";
		};
		4F67CA0926E42D34005422BA /* Weather */ = {
			isa = PBXGroup;
			children = (
				4F67CA0A26E42D34005422BA /* AppDelegate.swift */,
				4F67CA0C26E42D34005422BA /* SceneDelegate.swift */,
				4F67CA0E26E42D34005422BA /* WeatherViewController.swift */,
				4F67CA1626E42D37005422BA /* Assets.xcassets */,
				4F67CA1826E42D38005422BA /* LaunchScreen.storyboard */,
				4F67CA1B26E42D38005422BA /* Info.plist */,
				4F67CA1326E42D34005422BA /* Weather.xcdatamodeld */,
				4FD6040426E6F8EE00388549 /* WeatherService.swift */,
				4FD6040626E6F91C00388549 /* WeatherModel.swift */,
				82A8EFE0B8A9405E209E09B4 /* OpenWeatherData.swift */,
			);
			path = Weather;
			sourceTree = "<group>";
		};
		4F67CA2326E42D38005422BA /* WeatherTests */ = {
			isa = PBXGroup;
			children = (
				4F67CA2426E42D38005422BA /* WeatherTests.swift */,
				4F67CA2626E42D38005422BA /* Info.plist */,
			);
			path = WeatherTests;
			sourceTree = "<group>";
		};
		4F67CA2E26E42D38005422BA /* WeatherUITests */ = {
			isa = PBXGroup;
			children = (
				4F67CA2F26E42D38005422BA /* WeatherUITests.swift */,
				4F67CA3126E42D38005422BA /* Info.plist */,
			);
			path = WeatherUITests;
			sourceTree = "<group>";
		};
/* End PBXGroup section */

/* Begin PBXNativeTarget section */
		4F67CA0626E42D34005422BA /* Weather */ = {
			isa = PBXNativeTarget;
			buildConfigurationList = 4F67CA3426E42D38005422BA /* Build configuration list for PBXNativeTarget "Weather" */;
			buildPhases = (
				4F67CA0326E42D34005422BA /* Sources */,
				4F67CA0426E42D34005422BA /* Frameworks */,
				4F67CA0526E42D34005422BA /* Resources */,
			);
			buildRules = (
			);
			dependencies = (
			);
			name = Weather;
			productName = Weather;
			productReference = 4F67CA0726E42D34005422BA /* Weather.app */;
			productType = "com.apple.product-type.application";
		};
		4F67CA1F26E42D38005422BA /* WeatherTests */ = {
			isa = PBXNativeTarget;
			buildConfigurationList = 4F67CA3726E42D38005422BA /* Build configuration list for PBXNativeTarget "WeatherTests" */;
			buildPhases = (
				4F67CA1C26E42D38005422BA /* Sources */,
				4F67CA1D26E42D38005422BA /* Frameworks */,
				4F67CA1E26E42D38005422BA /* Resources */,
			);
			buildRules = (
			);
			dependencies = (
				4F67CA2226E42D38005422BA /* PBXTargetDependency */,
			);
			name = WeatherTests;
			productName = WeatherTests;
			productReference = 4F67CA2026E42D38005422BA /* WeatherTests.xctest */;
			productType = "com.apple.product-type.bundle.unit-test";
		};
		4F67CA2A26E42D38005422BA /* WeatherUITests */ = {
			isa = PBXNativeTarget;
			buildConfigurationList = 4F67CA3A26E42D38005422BA /* Build configuration list for PBXNativeTarget "WeatherUITests" */;
			buildPhases = (
				4F67CA2726E42D38005422BA /* Sources */,
				4F67CA2826E42D38005422BA /* Frameworks */,
				4F67CA2926E42D38005422BA /* Resources */,
			);
			buildRules = (
			);
			dependencies = (
				4F67CA2D26E42D38005422BA /* PBXTargetDependency */,
			);
			name = WeatherUITests;
			productName = WeatherUITests;
			productReference = 4F67CA2B26E42D38005422BA /* WeatherUITests.xctest */;
			productType = "com.apple.product-type.bundle.ui-testing";
		};
/* End PBXNativeTarget section */

/* Begin PBXProject section */
		4F67C9FF26E42D34005422BA /* Project object */ = {
			isa = PBXProject;
			attributes = {
				LastSwiftUpdateCheck = 1250;
				LastUpgradeCheck = 1250;
				TargetAttributes = {
					4F67CA0626E42D34005422BA = {
						CreatedOnToolsVersion = 12.5.1;
					};
					4F67CA1F26E42D38005422BA = {
						CreatedOnToolsVersion = 12.5.1;
						TestTargetID = 4F67CA0626E42D34005422BA;
					};
					4F67CA2A26E42D38005422BA = {
						CreatedOnToolsVersion = 12.5.1;
						TestTargetID = 4F67CA0626E42D34005422BA;
					};
				};
			};
			buildConfigurationList = 4F67CA0226E42D34005422BA /* Build configuration list for PBXProject "Weather" */;
			compatibilityVersion = "Xcode 9.3";
			developmentRegion = en;
			hasScannedForEncodings = 0;
			knownRegions = (
				en,
				Base,
			);
			mainGroup = 4F67C9FE26E42D34005422BA;
			productRefGroup = 4F67CA0826E42D34005422BA /* Products */;
			projectDirPath = "";
			projectRoot = "";
			targets = (
				4F67CA0626E42D34005422BA /* Weather */,
				4F67CA1F26E42D38005422BA /* WeatherTests */,
				4F67CA2A26E42D38005422BA /* WeatherUITests */,
			);
		};
/* End PBXProject section */

/* Begin PBXResourcesBuildPhase section */
		4F67CA0526E42D34005422BA /* Resources */ = {
			isa = PBXResourcesBuildPhase;
			buildActionMask = 2147483647;
			files = (
				4F67CA1A26E42D38005422BA /* LaunchScreen.storyboard in Resources */,
				4F67CA1726E42D37005422BA /* Assets.xcassets in Resources */,
			);
			runOnlyForDeploymentPostprocessing = 0;
		};
		4F67CA1E26E42D38005422BA /* Resources */ = {
			isa = PBXResourcesBuildPhase;
			buildActionMask = 2147483647;
			files = (
			);
			runOnlyForDeploymentPostprocessing = 0;
		};
		4F67CA2926E42D38005422BA /* Resources */ = {
			isa = PBXResourcesBuildPhase;
			buildActionMask = 2147483647;
			files = (
			);
			runOnlyForDeploymentPostprocessing = 0;
		};
/* End PBXResourcesBuildPhase section */

/* Begin PBXSourcesBuildPhase section */
		4F67CA0326E42D34005422BA /* Sources */ = {
			isa = PBXSourcesBuildPhase;
			buildActionMask = 2147483647;
			files = (
				4FD6040526E6F8EE00388549 /* WeatherService.swift in Sources */,
				4F67CA1526E42D34005422BA /* Weather.xcdatamodeld in Sources */,
				4F67CA0F26E42D34005422BA /* WeatherViewController.swift in Sources */,
				4F67CA0B26E42D34005422BA /* AppDelegate.swift in Sources */,
				4FD6040726E6F91C00388549 /* WeatherModel.swift in Sources */,
				4F67CA0D26E42D34005422BA /* SceneDelegate.swift in Sources */,
				82A8EF365BCF5FEAEEA8E453 /* OpenWeatherData.swift in Sources */,
			);
			runOnlyForDeploymentPostprocessing = 0;
		};
		4F67CA1C26E42D38005422BA /* Sources */ = {
			isa = PBXSourcesBuildPhase;
			buildActionMask = 2147483647;
			files = (
				4F67CA2526E42D38005422BA /* WeatherTests.swift in Sources */,
			);
			runOnlyForDeploymentPostprocessing = 0;
		};
		4F67CA2726E42D38005422BA /* Sources */ = {
			isa = PBXSourcesBuildPhase;
			buildActionMask = 2147483647;
			files = (
				4F67CA3026E42D38005422BA /* WeatherUITests.swift in Sources */,
			);
			runOnlyForDeploymentPostprocessing = 0;
		};
/* End PBXSourcesBuildPhase section */

/* Begin PBXTargetDependency section */
		4F67CA2226E42D38005422BA /* PBXTargetDependency */ = {
			isa = PBXTargetDependency;
			target = 4F67CA0626E42D34005422BA /* Weather */;
			targetProxy = 4F67CA2126E42D38005422BA /* PBXContainerItemProxy */;
		};
		4F67CA2D26E42D38005422BA /* PBXTargetDependency */ = {
			isa = PBXTargetDependency;
			target = 4F67CA0626E42D34005422BA /* Weather */;
			targetProxy = 4F67CA2C26E42D38005422BA /* PBXContainerItemProxy */;
		};
/* End PBXTargetDependency section */

/* Begin PBXVariantGroup section */
		4F67CA1826E42D38005422BA /* LaunchScreen.storyboard */ = {
			isa = PBXVariantGroup;
			children = (
				4F67CA1926E42D38005422BA /* Base */,
			);
			name = LaunchScreen.storyboard;
			sourceTree = "<group>";
		};
/* End PBXVariantGroup section */

/* Begin XCBuildConfiguration section */
		4F67CA3226E42D38005422BA /* Debug */ = {
			isa = XCBuildConfiguration;
			buildSettings = {
				ALWAYS_SEARCH_USER_PATHS = NO;
				CLANG_ANALYZER_NONNULL = YES;
				CLANG_ANALYZER_NUMBER_OBJECT_CONVERSION = YES_AGGRESSIVE;
				CLANG_CXX_LANGUAGE_STANDARD = "gnu++14";
				CLANG_CXX_LIBRARY = "libc++";
				CLANG_ENABLE_MODULES = YES;
				CLANG_ENABLE_OBJC_ARC = YES;
				CLANG_ENABLE_OBJC_WEAK = YES;
				CLANG_WARN_BLOCK_CAPTURE_AUTORELEASING = YES;
				CLANG_WARN_BOOL_CONVERSION = YES;
				CLANG_WARN_COMMA = YES;
				CLANG_WARN_CONSTANT_CONVERSION = YES;
				CLANG_WARN_DEPRECATED_OBJC_IMPLEMENTATIONS = YES;
				CLANG_WARN_DIRECT_OBJC_ISA_USAGE = YES_ERROR;
				CLANG_WARN_DOCUMENTATION_COMMENTS = YES;
				CLANG_WARN_EMPTY_BODY = YES;
				CLANG_WARN_ENUM_CONVERSION = YES;
				CLANG_WARN_INFINITE_RECURSION = YES;
				CLANG_WARN_INT_CONVERSION = YES;
				CLANG_WARN_NON_LITERAL_NULL_CONVERSION = YES;
				CLANG_WARN_OBJC_IMPLICIT_RETAIN_SELF = YES;
				CLANG_WARN_OBJC_LITERAL_CONVERSION = YES;
				CLANG_WARN_OBJC_ROOT_CLASS = YES_ERROR;
				CLANG_WARN_QUOTED_INCLUDE_IN_FRAMEWORK_HEADER = YES;
				CLANG_WARN_RANGE_LOOP_ANALYSIS = YES;
				CLANG_WARN_STRICT_PROTOTYPES = YES;
				CLANG_WARN_SUSPICIOUS_MOVE = YES;
				CLANG_WARN_UNGUARDED_AVAILABILITY = YES_AGGRESSIVE;
				CLANG_WARN_UNREACHABLE_CODE = YES;
				CLANG_WARN__DUPLICATE_METHOD_MATCH = YES;
				COPY_PHASE_STRIP = NO;
				DEBUG_INFORMATION_FORMAT = dwarf;
				ENABLE_STRICT_OBJC_MSGSEND = YES;
				ENABLE_TESTABILITY = YES;
				GCC_C_LANGUAGE_STANDARD = gnu11;
				GCC_DYNAMIC_NO_PIC = NO;
				GCC_NO_COMMON_BLOCKS = YES;
				GCC_OPTIMIZATION_LEVEL = 0;
				GCC_PREPROCESSOR_DEFINITIONS = (
					"DEBUG=1",
					"$(inherited)",
				);
				GCC_WARN_64_TO_32_BIT_CONVERSION = YES;
				GCC_WARN_ABOUT_RETURN_TYPE = YES_ERROR;
				GCC_WARN_UNDECLARED_SELECTOR = YES;
				GCC_WARN_UNINITIALIZED_AUTOS = YES_AGGRESSIVE;
				GCC_WARN_UNUSED_FUNCTION = YES;
				GCC_WARN_UNUSED_VARIABLE = YES;
				IPHONEOS_DEPLOYMENT_TARGET = 14.5;
				MTL_ENABLE_DEBUG_INFO = INCLUDE_SOURCE;
				MTL_FAST_MATH = YES;
				ONLY_ACTIVE_ARCH = YES;
				SDKROOT = iphoneos;
				SWIFT_ACTIVE_COMPILATION_CONDITIONS = DEBUG;
				SWIFT_OPTIMIZATION_LEVEL = "-Onone";
			};
			name = Debug;
		};
		4F67CA3326E42D38005422BA /* Release */ = {
			isa = XCBuildConfiguration;
			buildSettings = {
				ALWAYS_SEARCH_USER_PATHS = NO;
				CLANG_ANALYZER_NONNULL = YES;
				CLANG_ANALYZER_NUMBER_OBJECT_CONVERSION = YES_AGGRESSIVE;
				CLANG_CXX_LANGUAGE_STANDARD = "gnu++14";
				CLANG_CXX_LIBRARY = "libc++";
				CLANG_ENABLE_MODULES = YES;
				CLANG_ENABLE_OBJC_ARC = YES;
				CLANG_ENABLE_OBJC_WEAK = YES;
				CLANG_WARN_BLOCK_CAPTURE_AUTORELEASING = YES;
				CLANG_WARN_BOOL_CONVERSION = YES;
				CLANG_WARN_COMMA = YES;
				CLANG_WARN_CONSTANT_CONVERSION = YES;
				CLANG_WARN_DEPRECATED_OBJC_IMPLEMENTATIONS = YES;
				CLANG_WARN_DIRECT_OBJC_ISA_USAGE = YES_ERROR;
				CLANG_WARN_DOCUMENTATION_COMMENTS = YES;
				CLANG_WARN_EMPTY_BODY = YES;
				CLANG_WARN_ENUM_CONVERSION = YES;
				CLANG_WARN_INFINITE_RECURSION = YES;
				CLANG_WARN_INT_CONVERSION = YES;
				CLANG_WARN_NON_LITERAL_NULL_CONVERSION = YES;
				CLANG_WARN_OBJC_IMPLICIT_RETAIN_SELF = YES;
				CLANG_WARN_OBJC_LITERAL_CONVERSION = YES;
				CLANG_WARN_OBJC_ROOT_CLASS = YES_ERROR;
				CLANG_WARN_QUOTED_INCLUDE_IN_FRAMEWORK_HEADER = YES;
				CLANG_WARN_RANGE_LOOP_ANALYSIS = YES;
				CLANG_WARN_STRICT_PROTOTYPES = YES;
				CLANG_WARN_SUSPICIOUS_MOVE = YES;
				CLANG_WARN_UNGUARDED_AVAILABILITY = YES_AGGRESSIVE;
				CLANG_WARN_UNREACHABLE_CODE = YES;
				CLANG_WARN__DUPLICATE_METHOD_MATCH = YES;
				COPY_PHASE_STRIP = NO;
				DEBUG_INFORMATION_FORMAT = "dwarf-with-dsym";
				ENABLE_NS_ASSERTIONS = NO;
				ENABLE_STRICT_OBJC_MSGSEND = YES;
				GCC_C_LANGUAGE_STANDARD = gnu11;
				GCC_NO_COMMON_BLOCKS = YES;
				GCC_WARN_64_TO_32_BIT_CONVERSION = YES;
				GCC_WARN_ABOUT_RETURN_TYPE = YES_ERROR;
				GCC_WARN_UNDECLARED_SELECTOR = YES;
				GCC_WARN_UNINITIALIZED_AUTOS = YES_AGGRESSIVE;
				GCC_WARN_UNUSED_FUNCTION = YES;
				GCC_WARN_UNUSED_VARIABLE = YES;
				IPHONEOS_DEPLOYMENT_TARGET = 14.5;
				MTL_ENABLE_DEBUG_INFO = NO;
				MTL_FAST_MATH = YES;
				SDKROOT = iphoneos;
				SWIFT_COMPILATION_MODE = wholemodule;
				SWIFT_OPTIMIZATION_LEVEL = "-O";
				VALIDATE_PRODUCT = YES;
			};
			name = Release;
		};
		4F67CA3526E42D38005422BA /* Debug */ = {
			isa = XCBuildConfiguration;
			buildSettings = {
				ASSETCATALOG_COMPILER_APPICON_NAME = AppIcon;
				ASSETCATALOG_COMPILER_GLOBAL_ACCENT_COLOR_NAME = AccentColor;
				CODE_SIGN_STYLE = Automatic;
				DEVELOPMENT_TEAM = PHFDP4SB5Y;
				INFOPLIST_FILE = Weather/Info.plist;
				LD_RUNPATH_SEARCH_PATHS = (
					"$(inherited)",
					"@executable_path/Frameworks",
				);
				PRODUCT_BUNDLE_IDENTIFIER = joshportfolio.Weather;
				PRODUCT_NAME = "$(TARGET_NAME)";
				SWIFT_VERSION = 5.0;
				TARGETED_DEVICE_FAMILY = "1,2";
			};
			name = Debug;
		};
		4F67CA3626E42D38005422BA /* Release */ = {
			isa = XCBuildConfiguration;
			buildSettings = {
				ASSETCATALOG_COMPILER_APPICON_NAME = AppIcon;
				ASSETCATALOG_COMPILER_GLOBAL_ACCENT_COLOR_NAME = AccentColor;
				CODE_SIGN_STYLE = Automatic;
				DEVELOPMENT_TEAM = PHFDP4SB5Y;
				INFOPLIST_FILE = Weather/Info.plist;
				LD_RUNPATH_SEARCH_PATHS = (
					"$(inherited)",
					"@executable_path/Frameworks",
				);
				PRODUCT_BUNDLE_IDENTIFIER = joshportfolio.Weather;
				PRODUCT_NAME = "$(TARGET_NAME)";
				SWIFT_VERSION = 5.0;
				TARGETED_DEVICE_FAMILY = "1,2";
			};
			name = Release;
		};
		4F67CA3826E42D38005422BA /* Debug */ = {
			isa = XCBuildConfiguration;
			buildSettings = {
				ALWAYS_EMBED_SWIFT_STANDARD_LIBRARIES = YES;
				BUNDLE_LOADER = "$(TEST_HOST)";
				CODE_SIGN_STYLE = Automatic;
				DEVELOPMENT_TEAM = PHFDP4SB5Y;
				INFOPLIST_FILE = WeatherTests/Info.plist;
				IPHONEOS_DEPLOYMENT_TARGET = 14.5;
				LD_RUNPATH_SEARCH_PATHS = (
					"$(inherited)",
					"@executable_path/Frameworks",
					"@loader_path/Frameworks",
				);
				PRODUCT_BUNDLE_IDENTIFIER = joshportfolio.WeatherTests;
				PRODUCT_NAME = "$(TARGET_NAME)";
				SWIFT_VERSION = 5.0;
				TARGETED_DEVICE_FAMILY = "1,2";
				TEST_HOST = "$(BUILT_PRODUCTS_DIR)/Weather.app/Weather";
			};
			name = Debug;
		};
		4F67CA3926E42D38005422BA /* Release */ = {
			isa = XCBuildConfiguration;
			buildSettings = {
				ALWAYS_EMBED_SWIFT_STANDARD_LIBRARIES = YES;
				BUNDLE_LOADER = "$(TEST_HOST)";
				CODE_SIGN_STYLE = Automatic;
				DEVELOPMENT_TEAM = PHFDP4SB5Y;
				INFOPLIST_FILE = WeatherTests/Info.plist;
				IPHONEOS_DEPLOYMENT_TARGET = 14.5;
				LD_RUNPATH_SEARCH_PATHS = (
					"$(inherited)",
					"@executable_path/Frameworks",
					"@loader_path/Frameworks",
				);
				PRODUCT_BUNDLE_IDENTIFIER = joshportfolio.WeatherTests;
				PRODUCT_NAME = "$(TARGET_NAME)";
				SWIFT_VERSION = 5.0;
				TARGETED_DEVICE_FAMILY = "1,2";
				TEST_HOST = "$(BUILT_PRODUCTS_DIR)/Weather.app/Weather";
			};
			name = Release;
		};
		4F67CA3B26E42D38005422BA /* Debug */ = {
			isa = XCBuildConfiguration;
			buildSettings = {
				ALWAYS_EMBED_SWIFT_STANDARD_LIBRARIES = YES;
				CODE_SIGN_STYLE = Automatic;
				DEVELOPMENT_TEAM = PHFDP4SB5Y;
				INFOPLIST_FILE = WeatherUITests/Info.plist;
				LD_RUNPATH_SEARCH_PATHS = (
					"$(inherited)",
					"@executable_path/Frameworks",
					"@loader_path/Frameworks",
				);
				PRODUCT_BUNDLE_IDENTIFIER = joshportfolio.WeatherUITests;
				PRODUCT_NAME = "$(TARGET_NAME)";
				SWIFT_VERSION = 5.0;
				TARGETED_DEVICE_FAMILY = "1,2";
				TEST_TARGET_NAME = Weather;
			};
			name = Debug;
		};
		4F67CA3C26E42D38005422BA /* Release */ = {
			isa = XCBuildConfiguration;
			buildSettings = {
				ALWAYS_EMBED_SWIFT_STANDARD_LIBRARIES = YES;
				CODE_SIGN_STYLE = Automatic;
				DEVELOPMENT_TEAM = PHFDP4SB5Y;
				INFOPLIST_FILE = WeatherUITests/Info.plist;
				LD_RUNPATH_SEARCH_PATHS = (
					"$(inherited)",
					"@executable_path/Frameworks",
					"@loader_path/Frameworks",
				);
				PRODUCT_BUNDLE_IDENTIFIER = joshportfolio.WeatherUITests;
				PRODUCT_NAME = "$(TARGET_NAME)";
				SWIFT_VERSION = 5.0;
				TARGETED_DEVICE_FAMILY = "1,2";
				TEST_TARGET_NAME = Weather;
			};
			name = Release;
		};
/* End XCBuildConfiguration section */

/* Begin XCConfigurationList section */
		4F67CA0226E42D34005422BA /* Build configuration list for PBXProject "Weather" */ = {
			isa = XCConfigurationList;
			buildConfigurations = (
				4F67CA3226E42D38005422BA /* Debug */,
				4F67CA3326E42D38005422BA /* Release */,
			);
			defaultConfigurationIsVisible = 0;
			defaultConfigurationName = Release;
		};
		4F67CA3426E42D38005422BA /* Build configuration list for PBXNativeTarget "Weather" */ = {
			isa = XCConfigurationList;
			buildConfigurations = (
				4F67CA3526E42D38005422BA /* Debug */,
				4F67CA3626E42D38005422BA /* Release */,
			);
			defaultConfigurationIsVisible = 0;
			defaultConfigurationName = Release;
		};
		4F67CA3726E42D38005422BA /* Build configuration list for PBXNativeTarget "WeatherTests" */ = {
			isa = XCConfigurationList;
			buildConfigurations = (
				4F67CA3826E42D38005422BA /* Debug */,
				4F67CA3926E42D38005422BA /* Release */,
			);
			defaultConfigurationIsVisible = 0;
			defaultConfigurationName = Release;
		};
		4F67CA3A26E42D38005422BA /* Build configuration list for PBXNativeTarget "WeatherUITests" */ = {
			isa = XCConfigurationList;
			buildConfigurations = (
				4F67CA3B26E42D38005422BA /* Debug */,
				4F67CA3C26E42D38005422BA /* Release */,
			);
			defaultConfigurationIsVisible = 0;
			defaultConfigurationName = Release;
		};
/* End XCConfigurationList section */

/* Begin XCVersionGroup section */
		4F67CA1326E42D34005422BA /* Weather.xcdatamodeld */ = {
			isa = XCVersionGroup;
			children = (
				4F67CA1426E42D34005422BA /* Weather.xcdatamodel */,
			);
			currentVersion = 4F67CA1426E42D34005422BA /* Weather.xcdatamodel */;
			path = Weather.xcdatamodeld;
			sourceTree = "<group>";
			versionGroupType = wrapper.xcdatamodel;
		};
/* End XCVersionGroup section */
	};
	rootObject = 4F67C9FF26E42D34005422BA /* Project object */;
}
